SITE
  remote: https://supermarket.getchef.com/api/v1
  specs:
    7-zip (1.0.2)
      windows (>= 1.2.2)
    apt (2.5.3)
    ark (0.9.0)
      7-zip (>= 0.0.0)
      windows (>= 0.0.0)
    aws (2.4.0)
    build-essential (2.0.6)
    chef-sugar (2.2.0)
    chef_gem (0.1.0)
    chef_handler (1.1.6)
    chocolatey (0.1.0)
      powershell (>= 0.0.0)
    database (2.3.0)
      aws (>= 0.0.0)
      mysql (>= 5.0.0)
      mysql-chef_gem (>= 0.0.0)
      postgresql (>= 1.0.0)
      xfs (>= 0.0.0)
    discovery (0.2.2)
    dmg (2.2.0)
    elasticsearch (0.3.10)
      ark (>= 0.2.4)
    git (4.0.2)
      build-essential (>= 0.0.0)
      dmg (>= 0.0.0)
      runit (>= 1.0.0)
      windows (>= 0.0.0)
      yum (~> 3.0)
      yum-epel (>= 0.0.0)
    imagemagick (0.2.3)
    java (1.27.0)
    line (0.5.1)
    memcached (1.7.2)
      runit (~> 1.0)
      yum (~> 3.0)
      yum-epel (>= 0.0.0)
    mongodb (0.16.1)
      apt (>= 1.8.2)
      python (>= 0.0.0)
      runit (>= 1.5.0)
      yum (>= 3.0)
    ms_dotnet2 (1.0.0)
      windows (>= 0.0.0)
    ms_dotnet4 (1.0.2)
      windows (>= 0.0.0)
    ms_dotnet45 (1.1.2)
      windows (>= 0.0.0)
    mysql (5.4.4)
      yum-mysql-community (>= 0.0.0)
    mysql-chef_gem (0.0.2)
      build-essential (>= 0.0.0)
      mysql (>= 0.0.0)
    nfs (2.0.0)
      line (>= 0.0.0)
    nodejs (2.1.0)
      apt (>= 0.0.0)
      ark (>= 0.0.0)
      build-essential (>= 0.0.0)
      yum-epel (>= 0.0.0)
    openssl (2.0.0)
      chef-sugar (>= 0.0.0)
    phantomjs (1.0.3)
      build-essential (>= 0.0.0)
      chocolatey (>= 0.0.0)
    postgresql (3.4.2)
      apt (>= 1.9.0)
      build-essential (>= 0.0.0)
      openssl (>= 0.0.0)
    powershell (3.0.7)
      ms_dotnet2 (>= 0.0.0)
      ms_dotnet4 (>= 0.0.0)
      ms_dotnet45 (>= 0.0.0)
      windows (>= 1.2.8)
    python (1.4.6)
      build-essential (>= 0.0.0)
      yum-epel (>= 0.0.0)
    runit (1.5.10)
      build-essential (>= 0.0.0)
      yum (~> 3.0)
      yum-epel (>= 0.0.0)
    sqlite (1.1.0)
    stunnel (2.1.0)
    windows (1.34.2)
      chef_handler (>= 0.0.0)
    xfs (1.1.0)
    yum (3.2.4)
    yum-epel (0.4.0)
      yum (~> 3.0)
    yum-mysql-community (0.1.10)
      yum (>= 3.0)

GIT
  remote: https://github.com/deepak/chef-locale.git
  ref: master
  sha: b79da8f2e3cfd7bec7200fdfb1fcc5eda26d2dd8
  specs:
    chef-locale (0.0.2)

GIT
  remote: https://github.com/fnichol/chef-rvm
  ref: master
  sha: 3d1c3dda01d5dee02a99d53783f2f11d5a0f195d
  specs:
    rvm (0.9.3)
      chef_gem (>= 0.0.0)

GIT
  remote: https://github.com/lunsher/chef-mc.git
  ref: master
  sha: 34d161564ff9b5a7984f22da6a8c9bf2df5a30f5
  specs:
    chef-mc (0.1.0)

GIT
  remote: https://github.com/miah/chef-redis.git
  ref: master
  sha: 5b7e8585b23dcef0de3ec6cfbb31ad75fc912d8e
  specs:
    redis (2.1.1)
      build-essential (>= 0.0.0)
      discovery (>= 0.2.0)
      runit (>= 0.0.0)
      stunnel (>= 2.0.0)
      yum (>= 0.0.0)

DEPENDENCIES
  apt (>= 0)
  build-essential (>= 0)
  chef-locale (>= 0)
  chef-mc (>= 0)
  database (>= 0)
  elasticsearch (>= 0)
  git (>= 0)
  imagemagick (>= 0)
  java (>= 0)
  memcached (>= 0)
  mongodb (>= 0)
  mysql (>= 0)
  nfs (>= 0)
  nodejs (>= 0)
  phantomjs (>= 0)
  postgresql (>= 0)
  redis (>= 0)
  rvm (>= 0)
  sqlite (>= 0)

